// !$*UTF8*$!
{
	archiveVersion = 1;
	classes = {
	};
	objectVersion = 56;
	objects = {

/* Begin PBXBuildFile section */
		9C1DC7842C033C0100B0F124 /* CryptoTableViewCell.swift in Sources */ = {isa = PBXBuildFile; fileRef = 9C1DC7832C033C0100B0F124 /* CryptoTableViewCell.swift */; };
		9C1DC7862C0341A100B0F124 /* Models.swift in Sources */ = {isa = PBXBuildFile; fileRef = 9C1DC7852C0341A100B0F124 /* Models.swift */; };
		9C98517A2C01D64F000269A1 /* AppDelegate.swift in Sources */ = {isa = PBXBuildFile; fileRef = 9C9851792C01D64F000269A1 /* AppDelegate.swift */; };
		9C98517C2C01D64F000269A1 /* SceneDelegate.swift in Sources */ = {isa = PBXBuildFile; fileRef = 9C98517B2C01D64F000269A1 /* SceneDelegate.swift */; };
		9C98517E2C01D64F000269A1 /* ViewController.swift in Sources */ = {isa = PBXBuildFile; fileRef = 9C98517D2C01D64F000269A1 /* ViewController.swift */; };
		9C9851812C01D64F000269A1 /* Base in Resources */ = {isa = PBXBuildFile; fileRef = 9C9851802C01D64F000269A1 /* Base */; };
		9C9851842C01D64F000269A1 /* CryptoTracker.xcdatamodeld in Sources */ = {isa = PBXBuildFile; fileRef = 9C9851822C01D64F000269A1 /* CryptoTracker.xcdatamodeld */; };
		9C9851862C01D652000269A1 /* Assets.xcassets in Resources */ = {isa = PBXBuildFile; fileRef = 9C9851852C01D652000269A1 /* Assets.xcassets */; };
		9C9851892C01D652000269A1 /* Base in Resources */ = {isa = PBXBuildFile; fileRef = 9C9851882C01D652000269A1 /* Base */; };
		9C9851942C01D652000269A1 /* CryptoTrackerTests.swift in Sources */ = {isa = PBXBuildFile; fileRef = 9C9851932C01D652000269A1 /* CryptoTrackerTests.swift */; };
		9C98519E2C01D652000269A1 /* CryptoTrackerUITests.swift in Sources */ = {isa = PBXBuildFile; fileRef = 9C98519D2C01D652000269A1 /* CryptoTrackerUITests.swift */; };
		9C9851A02C01D652000269A1 /* CryptoTrackerUITestsLaunchTests.swift in Sources */ = {isa = PBXBuildFile; fileRef = 9C98519F2C01D652000269A1 /* CryptoTrackerUITestsLaunchTests.swift */; };
		9C9851AD2C01D667000269A1 /* APICaller.swift in Sources */ = {isa = PBXBuildFile; fileRef = 9C9851AC2C01D667000269A1 /* APICaller.swift */; };
/* End PBXBuildFile section */

/* Begin PBXContainerItemProxy section */
		9C9851902C01D652000269A1 /* PBXContainerItemProxy */ = {
			isa = PBXContainerItemProxy;
			containerPortal = 9C98516E2C01D64F000269A1 /* Project object */;
			proxyType = 1;
			remoteGlobalIDString = 9C9851752C01D64F000269A1;
			remoteInfo = CryptoTracker;
		};
		9C98519A2C01D652000269A1 /* PBXContainerItemProxy */ = {
			isa = PBXContainerItemProxy;
			containerPortal = 9C98516E2C01D64F000269A1 /* Project object */;
			proxyType = 1;
			remoteGlobalIDString = 9C9851752C01D64F000269A1;
			remoteInfo = CryptoTracker;
		};
/* End PBXContainerItemProxy section */

/* Begin PBXFileReference section */
		9C1DC7832C033C0100B0F124 /* CryptoTableViewCell.swift */ = {isa = PBXFileReference; lastKnownFileType = sourcecode.swift; path = CryptoTableViewCell.swift; sourceTree = "<group>"; };
		9C1DC7852C0341A100B0F124 /* Models.swift */ = {isa = PBXFileReference; lastKnownFileType = sourcecode.swift; path = Models.swift; sourceTree = "<group>"; };
		9C9851762C01D64F000269A1 /* CryptoTracker.app */ = {isa = PBXFileReference; explicitFileType = wrapper.application; includeInIndex = 0; path = CryptoTracker.app; sourceTree = BUILT_PRODUCTS_DIR; };
		9C9851792C01D64F000269A1 /* AppDelegate.swift */ = {isa = PBXFileReference; lastKnownFileType = sourcecode.swift; path = AppDelegate.swift; sourceTree = "<group>"; };
		9C98517B2C01D64F000269A1 /* SceneDelegate.swift */ = {isa = PBXFileReference; lastKnownFileType = sourcecode.swift; path = SceneDelegate.swift; sourceTree = "<group>"; };
		9C98517D2C01D64F000269A1 /* ViewController.swift */ = {isa = PBXFileReference; lastKnownFileType = sourcecode.swift; path = ViewController.swift; sourceTree = "<group>"; };
		9C9851802C01D64F000269A1 /* Base */ = {isa = PBXFileReference; lastKnownFileType = file.storyboard; name = Base; path = Base.lproj/Main.storyboard; sourceTree = "<group>"; };
		9C9851832C01D64F000269A1 /* CryptoTracker.xcdatamodel */ = {isa = PBXFileReference; lastKnownFileType = wrapper.xcdatamodel; path = CryptoTracker.xcdatamodel; sourceTree = "<group>"; };
		9C9851852C01D652000269A1 /* Assets.xcassets */ = {isa = PBXFileReference; lastKnownFileType = folder.assetcatalog; path = Assets.xcassets; sourceTree = "<group>"; };
		9C9851882C01D652000269A1 /* Base */ = {isa = PBXFileReference; lastKnownFileType = file.storyboard; name = Base; path = Base.lproj/LaunchScreen.storyboard; sourceTree = "<group>"; };
		9C98518A2C01D652000269A1 /* Info.plist */ = {isa = PBXFileReference; lastKnownFileType = text.plist.xml; path = Info.plist; sourceTree = "<group>"; };
		9C98518F2C01D652000269A1 /* CryptoTrackerTests.xctest */ = {isa = PBXFileReference; explicitFileType = wrapper.cfbundle; includeInIndex = 0; path = CryptoTrackerTests.xctest; sourceTree = BUILT_PRODUCTS_DIR; };
		9C9851932C01D652000269A1 /* CryptoTrackerTests.swift */ = {isa = PBXFileReference; lastKnownFileType = sourcecode.swift; path = CryptoTrackerTests.swift; sourceTree = "<group>"; };
		9C9851992C01D652000269A1 /* CryptoTrackerUITests.xctest */ = {isa = PBXFileReference; explicitFileType = wrapper.cfbundle; includeInIndex = 0; path = CryptoTrackerUITests.xctest; sourceTree = BUILT_PRODUCTS_DIR; };
		9C98519D2C01D652000269A1 /* CryptoTrackerUITests.swift */ = {isa = PBXFileReference; lastKnownFileType = sourcecode.swift; path = CryptoTrackerUITests.swift; sourceTree = "<group>"; };
		9C98519F2C01D652000269A1 /* CryptoTrackerUITestsLaunchTests.swift */ = {isa = PBXFileReference; lastKnownFileType = sourcecode.swift; path = CryptoTrackerUITestsLaunchTests.swift; sourceTree = "<group>"; };
		9C9851AC2C01D667000269A1 /* APICaller.swift */ = {isa = PBXFileReference; lastKnownFileType = sourcecode.swift; path = APICaller.swift; sourceTree = "<group>"; };
/* End PBXFileReference section */

/* Begin PBXFrameworksBuildPhase section */
		9C9851732C01D64F000269A1 /* Frameworks */ = {
			isa = PBXFrameworksBuildPhase;
			buildActionMask = 2147483647;
			files = (
			);
			runOnlyForDeploymentPostprocessing = 0;
		};
		9C98518C2C01D652000269A1 /* Frameworks */ = {
			isa = PBXFrameworksBuildPhase;
			buildActionMask = 2147483647;
			files = (
			);
			runOnlyForDeploymentPostprocessing = 0;
		};
		9C9851962C01D652000269A1 /* Frameworks */ = {
			isa = PBXFrameworksBuildPhase;
			buildActionMask = 2147483647;
			files = (
			);
			runOnlyForDeploymentPostprocessing = 0;
		};
/* End PBXFrameworksBuildPhase section */

/* Begin PBXGroup section */
		9C98516D2C01D64F000269A1 = {
			isa = PBXGroup;
			children = (
				9C9851782C01D64F000269A1 /* CryptoTracker */,
				9C9851922C01D652000269A1 /* CryptoTrackerTests */,
				9C98519C2C01D652000269A1 /* CryptoTrackerUITests */,
				9C9851772C01D64F000269A1 /* Products */,
			);
			sourceTree = "<group>";
		};
		9C9851772C01D64F000269A1 /* Products */ = {
			isa = PBXGroup;
			children = (
				9C9851762C01D64F000269A1 /* CryptoTracker.app */,
				9C98518F2C01D652000269A1 /* CryptoTrackerTests.xctest */,
				9C9851992C01D652000269A1 /* CryptoTrackerUITests.xctest */,
			);
			name = Products;
			sourceTree = "<group>";
		};
		9C9851782C01D64F000269A1 /* CryptoTracker */ = {
			isa = PBXGroup;
			children = (
				9C9851792C01D64F000269A1 /* AppDelegate.swift */,
				9C98517B2C01D64F000269A1 /* SceneDelegate.swift */,
				9C98517D2C01D64F000269A1 /* ViewController.swift */,
				9C98517F2C01D64F000269A1 /* Main.storyboard */,
				9C9851852C01D652000269A1 /* Assets.xcassets */,
				9C9851872C01D652000269A1 /* LaunchScreen.storyboard */,
				9C98518A2C01D652000269A1 /* Info.plist */,
				9C9851822C01D64F000269A1 /* CryptoTracker.xcdatamodeld */,
				9C9851AC2C01D667000269A1 /* APICaller.swift */,
				9C1DC7832C033C0100B0F124 /* CryptoTableViewCell.swift */,
				9C1DC7852C0341A100B0F124 /* Models.swift */,
			);
			path = CryptoTracker;
			sourceTree = "<group>";
		};
		9C9851922C01D652000269A1 /* CryptoTrackerTests */ = {
			isa = PBXGroup;
			children = (
				9C9851932C01D652000269A1 /* CryptoTrackerTests.swift */,
			);
			path = CryptoTrackerTests;
			sourceTree = "<group>";
		};
		9C98519C2C01D652000269A1 /* CryptoTrackerUITests */ = {
			isa = PBXGroup;
			children = (
				9C98519D2C01D652000269A1 /* CryptoTrackerUITests.swift */,
				9C98519F2C01D652000269A1 /* CryptoTrackerUITestsLaunchTests.swift */,
			);
			path = CryptoTrackerUITests;
			sourceTree = "<group>";
		};
/* End PBXGroup section */

/* Begin PBXNativeTarget section */
		9C9851752C01D64F000269A1 /* CryptoTracker */ = {
			isa = PBXNativeTarget;
			buildConfigurationList = 9C9851A32C01D652000269A1 /* Build configuration list for PBXNativeTarget "CryptoTracker" */;
			buildPhases = (
				9C9851722C01D64F000269A1 /* Sources */,
				9C9851732C01D64F000269A1 /* Frameworks */,
				9C9851742C01D64F000269A1 /* Resources */,
			);
			buildRules = (
			);
			dependencies = (
			);
			name = CryptoTracker;
			productName = CryptoTracker;
			productReference = 9C9851762C01D64F000269A1 /* CryptoTracker.app */;
			productType = "com.apple.product-type.application";
		};
		9C98518E2C01D652000269A1 /* CryptoTrackerTests */ = {
			isa = PBXNativeTarget;
			buildConfigurationList = 9C9851A62C01D652000269A1 /* Build configuration list for PBXNativeTarget "CryptoTrackerTests" */;
			buildPhases = (
				9C98518B2C01D652000269A1 /* Sources */,
				9C98518C2C01D652000269A1 /* Frameworks */,
				9C98518D2C01D652000269A1 /* Resources */,
			);
			buildRules = (
			);
			dependencies = (
				9C9851912C01D652000269A1 /* PBXTargetDependency */,
			);
			name = CryptoTrackerTests;
			productName = CryptoTrackerTests;
			productReference = 9C98518F2C01D652000269A1 /* CryptoTrackerTests.xctest */;
			productType = "com.apple.product-type.bundle.unit-test";
		};
		9C9851982C01D652000269A1 /* CryptoTrackerUITests */ = {
			isa = PBXNativeTarget;
			buildConfigurationList = 9C9851A92C01D652000269A1 /* Build configuration list for PBXNativeTarget "CryptoTrackerUITests" */;
			buildPhases = (
				9C9851952C01D652000269A1 /* Sources */,
				9C9851962C01D652000269A1 /* Frameworks */,
				9C9851972C01D652000269A1 /* Resources */,
			);
			buildRules = (
			);
			dependencies = (
				9C98519B2C01D652000269A1 /* PBXTargetDependency */,
			);
			name = CryptoTrackerUITests;
			productName = CryptoTrackerUITests;
			productReference = 9C9851992C01D652000269A1 /* CryptoTrackerUITests.xctest */;
			productType = "com.apple.product-type.bundle.ui-testing";
		};
/* End PBXNativeTarget section */

/* Begin PBXProject section */
		9C98516E2C01D64F000269A1 /* Project object */ = {
			isa = PBXProject;
			attributes = {
				BuildIndependentTargetsInParallel = 1;
				LastSwiftUpdateCheck = 1530;
				LastUpgradeCheck = 1530;
				TargetAttributes = {
					9C9851752C01D64F000269A1 = {
						CreatedOnToolsVersion = 15.3;
					};
					9C98518E2C01D652000269A1 = {
						CreatedOnToolsVersion = 15.3;
						TestTargetID = 9C9851752C01D64F000269A1;
					};
					9C9851982C01D652000269A1 = {
						CreatedOnToolsVersion = 15.3;
						TestTargetID = 9C9851752C01D64F000269A1;
					};
				};
			};
			buildConfigurationList = 9C9851712C01D64F000269A1 /* Build configuration list for PBXProject "CryptoTracker" */;
			compatibilityVersion = "Xcode 14.0";
			developmentRegion = en;
			hasScannedForEncodings = 0;
			knownRegions = (
				en,
				Base,
			);
			mainGroup = 9C98516D2C01D64F000269A1;
			productRefGroup = 9C9851772C01D64F000269A1 /* Products */;
			projectDirPath = "";
			projectRoot = "";
			targets = (
				9C9851752C01D64F000269A1 /* CryptoTracker */,
				9C98518E2C01D652000269A1 /* CryptoTrackerTests */,
				9C9851982C01D652000269A1 /* CryptoTrackerUITests */,
			);
		};
/* End PBXProject section */

/* Begin PBXResourcesBuildPhase section */
		9C9851742C01D64F000269A1 /* Resources */ = {
			isa = PBXResourcesBuildPhase;
			buildActionMask = 2147483647;
			files = (
				9C9851862C01D652000269A1 /* Assets.xcassets in Resources */,
				9C9851892C01D652000269A1 /* Base in Resources */,
				9C9851812C01D64F000269A1 /* Base in Resources */,
			);
			runOnlyForDeploymentPostprocessing = 0;
		};
		9C98518D2C01D652000269A1 /* Resources */ = {
			isa = PBXResourcesBuildPhase;
			buildActionMask = 2147483647;
			files = (
			);
			runOnlyForDeploymentPostprocessing = 0;
		};
		9C9851972C01D652000269A1 /* Resources */ = {
			isa = PBXResourcesBuildPhase;
			buildActionMask = 2147483647;
			files = (
			);
			runOnlyForDeploymentPostprocessing = 0;
		};
/* End PBXResourcesBuildPhase section */

/* Begin PBXSourcesBuildPhase section */
		9C9851722C01D64F000269A1 /* Sources */ = {
			isa = PBXSourcesBuildPhase;
			buildActionMask = 2147483647;
			files = (
				9C98517E2C01D64F000269A1 /* ViewController.swift in Sources */,
				9C98517A2C01D64F000269A1 /* AppDelegate.swift in Sources */,
				9C1DC7842C033C0100B0F124 /* CryptoTableViewCell.swift in Sources */,
				9C98517C2C01D64F000269A1 /* SceneDelegate.swift in Sources */,
				9C9851AD2C01D667000269A1 /* APICaller.swift in Sources */,
				9C9851842C01D64F000269A1 /* CryptoTracker.xcdatamodeld in Sources */,
				9C1DC7862C0341A100B0F124 /* Models.swift in Sources */,
			);
			runOnlyForDeploymentPostprocessing = 0;
		};
		9C98518B2C01D652000269A1 /* Sources */ = {
			isa = PBXSourcesBuildPhase;
			buildActionMask = 2147483647;
			files = (
				9C9851942C01D652000269A1 /* CryptoTrackerTests.swift in Sources */,
			);
			runOnlyForDeploymentPostprocessing = 0;
		};
		9C9851952C01D652000269A1 /* Sources */ = {
			isa = PBXSourcesBuildPhase;
			buildActionMask = 2147483647;
			files = (
				9C9851A02C01D652000269A1 /* CryptoTrackerUITestsLaunchTests.swift in Sources */,
				9C98519E2C01D652000269A1 /* CryptoTrackerUITests.swift in Sources */,
			);
			runOnlyForDeploymentPostprocessing = 0;
		};
/* End PBXSourcesBuildPhase section */

/* Begin PBXTargetDependency section */
		9C9851912C01D652000269A1 /* PBXTargetDependency */ = {
			isa = PBXTargetDependency;
			target = 9C9851752C01D64F000269A1 /* CryptoTracker */;
			targetProxy = 9C9851902C01D652000269A1 /* PBXContainerItemProxy */;
		};
		9C98519B2C01D652000269A1 /* PBXTargetDependency */ = {
			isa = PBXTargetDependency;
			target = 9C9851752C01D64F000269A1 /* CryptoTracker */;
			targetProxy = 9C98519A2C01D652000269A1 /* PBXContainerItemProxy */;
		};
/* End PBXTargetDependency section */

/* Begin PBXVariantGroup section */
		9C98517F2C01D64F000269A1 /* Main.storyboard */ = {
			isa = PBXVariantGroup;
			children = (
				9C9851802C01D64F000269A1 /* Base */,
			);
			name = Main.storyboard;
			sourceTree = "<group>";
		};
		9C9851872C01D652000269A1 /* LaunchScreen.storyboard */ = {
			isa = PBXVariantGroup;
			children = (
				9C9851882C01D652000269A1 /* Base */,
			);
			name = LaunchScreen.storyboard;
			sourceTree = "<group>";
		};
/* End PBXVariantGroup section */

/* Begin XCBuildConfiguration section */
		9C9851A12C01D652000269A1 /* Debug */ = {
			isa = XCBuildConfiguration;
			buildSettings = {
				ALWAYS_SEARCH_USER_PATHS = NO;
				ASSETCATALOG_COMPILER_GENERATE_SWIFT_ASSET_SYMBOL_EXTENSIONS = YES;
				CLANG_ANALYZER_NONNULL = YES;
				CLANG_ANALYZER_NUMBER_OBJECT_CONVERSION = YES_AGGRESSIVE;
				CLANG_CXX_LANGUAGE_STANDARD = "gnu++20";
				CLANG_ENABLE_MODULES = YES;
				CLANG_ENABLE_OBJC_ARC = YES;
				CLANG_ENABLE_OBJC_WEAK = YES;
				CLANG_WARN_BLOCK_CAPTURE_AUTORELEASING = YES;
				CLANG_WARN_BOOL_CONVERSION = YES;
				CLANG_WARN_COMMA = YES;
				CLANG_WARN_CONSTANT_CONVERSION = YES;
				CLANG_WARN_DEPRECATED_OBJC_IMPLEMENTATIONS = YES;
				CLANG_WARN_DIRECT_OBJC_ISA_USAGE = YES_ERROR;
				CLANG_WARN_DOCUMENTATION_COMMENTS = YES;
				CLANG_WARN_EMPTY_BODY = YES;
				CLANG_WARN_ENUM_CONVERSION = YES;
				CLANG_WARN_INFINITE_RECURSION = YES;
				CLANG_WARN_INT_CONVERSION = YES;
				CLANG_WARN_NON_LITERAL_NULL_CONVERSION = YES;
				CLANG_WARN_OBJC_IMPLICIT_RETAIN_SELF = YES;
				CLANG_WARN_OBJC_LITERAL_CONVERSION = YES;
				CLANG_WARN_OBJC_ROOT_CLASS = YES_ERROR;
				CLANG_WARN_QUOTED_INCLUDE_IN_FRAMEWORK_HEADER = YES;
				CLANG_WARN_RANGE_LOOP_ANALYSIS = YES;
				CLANG_WARN_STRICT_PROTOTYPES = YES;
				CLANG_WARN_SUSPICIOUS_MOVE = YES;
				CLANG_WARN_UNGUARDED_AVAILABILITY = YES_AGGRESSIVE;
				CLANG_WARN_UNREACHABLE_CODE = YES;
				CLANG_WARN__DUPLICATE_METHOD_MATCH = YES;
				COPY_PHASE_STRIP = NO;
				DEBUG_INFORMATION_FORMAT = dwarf;
				ENABLE_STRICT_OBJC_MSGSEND = YES;
				ENABLE_TESTABILITY = YES;
				ENABLE_USER_SCRIPT_SANDBOXING = YES;
				GCC_C_LANGUAGE_STANDARD = gnu17;
				GCC_DYNAMIC_NO_PIC = NO;
				GCC_NO_COMMON_BLOCKS = YES;
				GCC_OPTIMIZATION_LEVEL = 0;
				GCC_PREPROCESSOR_DEFINITIONS = (
					"DEBUG=1",
					"$(inherited)",
				);
				GCC_WARN_64_TO_32_BIT_CONVERSION = YES;
				GCC_WARN_ABOUT_RETURN_TYPE = YES_ERROR;
				GCC_WARN_UNDECLARED_SELECTOR = YES;
				GCC_WARN_UNINITIALIZED_AUTOS = YES_AGGRESSIVE;
				GCC_WARN_UNUSED_FUNCTION = YES;
				GCC_WARN_UNUSED_VARIABLE = YES;
				IPHONEOS_DEPLOYMENT_TARGET = 17.4;
				LOCALIZATION_PREFERS_STRING_CATALOGS = YES;
				MTL_ENABLE_DEBUG_INFO = INCLUDE_SOURCE;
				MTL_FAST_MATH = YES;
				ONLY_ACTIVE_ARCH = YES;
				SDKROOT = iphoneos;
				SWIFT_ACTIVE_COMPILATION_CONDITIONS = "DEBUG $(inherited)";
				SWIFT_OPTIMIZATION_LEVEL = "-Onone";
			};
			name = Debug;
		};
		9C9851A22C01D652000269A1 /* Release */ = {
			isa = XCBuildConfiguration;
			buildSettings = {
				ALWAYS_SEARCH_USER_PATHS = NO;
				ASSETCATALOG_COMPILER_GENERATE_SWIFT_ASSET_SYMBOL_EXTENSIONS = YES;
				CLANG_ANALYZER_NONNULL = YES;
				CLANG_ANALYZER_NUMBER_OBJECT_CONVERSION = YES_AGGRESSIVE;
				CLANG_CXX_LANGUAGE_STANDARD = "gnu++20";
				CLANG_ENABLE_MODULES = YES;
				CLANG_ENABLE_OBJC_ARC = YES;
				CLANG_ENABLE_OBJC_WEAK = YES;
				CLANG_WARN_BLOCK_CAPTURE_AUTORELEASING = YES;
				CLANG_WARN_BOOL_CONVERSION = YES;
				CLANG_WARN_COMMA = YES;
				CLANG_WARN_CONSTANT_CONVERSION = YES;
				CLANG_WARN_DEPRECATED_OBJC_IMPLEMENTATIONS = YES;
				CLANG_WARN_DIRECT_OBJC_ISA_USAGE = YES_ERROR;
				CLANG_WARN_DOCUMENTATION_COMMENTS = YES;
				CLANG_WARN_EMPTY_BODY = YES;
				CLANG_WARN_ENUM_CONVERSION = YES;
				CLANG_WARN_INFINITE_RECURSION = YES;
				CLANG_WARN_INT_CONVERSION = YES;
				CLANG_WARN_NON_LITERAL_NULL_CONVERSION = YES;
				CLANG_WARN_OBJC_IMPLICIT_RETAIN_SELF = YES;
				CLANG_WARN_OBJC_LITERAL_CONVERSION = YES;
				CLANG_WARN_OBJC_ROOT_CLASS = YES_ERROR;
				CLANG_WARN_QUOTED_INCLUDE_IN_FRAMEWORK_HEADER = YES;
				CLANG_WARN_RANGE_LOOP_ANALYSIS = YES;
				CLANG_WARN_STRICT_PROTOTYPES = YES;
				CLANG_WARN_SUSPICIOUS_MOVE = YES;
				CLANG_WARN_UNGUARDED_AVAILABILITY = YES_AGGRESSIVE;
				CLANG_WARN_UNREACHABLE_CODE = YES;
				CLANG_WARN__DUPLICATE_METHOD_MATCH = YES;
				COPY_PHASE_STRIP = NO;
				DEBUG_INFORMATION_FORMAT = "dwarf-with-dsym";
				ENABLE_NS_ASSERTIONS = NO;
				ENABLE_STRICT_OBJC_MSGSEND = YES;
				ENABLE_USER_SCRIPT_SANDBOXING = YES;
				GCC_C_LANGUAGE_STANDARD = gnu17;
				GCC_NO_COMMON_BLOCKS = YES;
				GCC_WARN_64_TO_32_BIT_CONVERSION = YES;
				GCC_WARN_ABOUT_RETURN_TYPE = YES_ERROR;
				GCC_WARN_UNDECLARED_SELECTOR = YES;
				GCC_WARN_UNINITIALIZED_AUTOS = YES_AGGRESSIVE;
				GCC_WARN_UNUSED_FUNCTION = YES;
				GCC_WARN_UNUSED_VARIABLE = YES;
				IPHONEOS_DEPLOYMENT_TARGET = 17.4;
				LOCALIZATION_PREFERS_STRING_CATALOGS = YES;
				MTL_ENABLE_DEBUG_INFO = NO;
				MTL_FAST_MATH = YES;
				SDKROOT = iphoneos;
				SWIFT_COMPILATION_MODE = wholemodule;
				VALIDATE_PRODUCT = YES;
			};
			name = Release;
		};
		9C9851A42C01D652000269A1 /* Debug */ = {
			isa = XCBuildConfiguration;
			buildSettings = {
				ASSETCATALOG_COMPILER_APPICON_NAME = AppIcon;
				ASSETCATALOG_COMPILER_GLOBAL_ACCENT_COLOR_NAME = AccentColor;
				CODE_SIGN_STYLE = Automatic;
				CURRENT_PROJECT_VERSION = 1;
				DEVELOPMENT_TEAM = 924W43ZCZ4;
				GENERATE_INFOPLIST_FILE = YES;
				INFOPLIST_FILE = CryptoTracker/Info.plist;
				INFOPLIST_KEY_UIApplicationSupportsIndirectInputEvents = YES;
				INFOPLIST_KEY_UILaunchStoryboardName = LaunchScreen;
				INFOPLIST_KEY_UIMainStoryboardFile = Main;
				INFOPLIST_KEY_UISupportedInterfaceOrientations_iPad = "UIInterfaceOrientationPortrait UIInterfaceOrientationPortraitUpsideDown UIInterfaceOrientationLandscapeLeft UIInterfaceOrientationLandscapeRight";
				INFOPLIST_KEY_UISupportedInterfaceOrientations_iPhone = "UIInterfaceOrientationPortrait UIInterfaceOrientationLandscapeLeft UIInterfaceOrientationLandscapeRight";
				LD_RUNPATH_SEARCH_PATHS = (
					"$(inherited)",
					"@executable_path/Frameworks",
				);
				MARKETING_VERSION = 1.0;
				PRODUCT_BUNDLE_IDENTIFIER = com.info.CryptoTracker;
				PRODUCT_NAME = "$(TARGET_NAME)";
				SWIFT_EMIT_LOC_STRINGS = YES;
				SWIFT_VERSION = 5.0;
				TARGETED_DEVICE_FAMILY = "1,2";
			};
			name = Debug;
		};
		9C9851A52C01D652000269A1 /* Release */ = {
			isa = XCBuildConfiguration;
			buildSettings = {
				ASSETCATALOG_COMPILER_APPICON_NAME = AppIcon;
				ASSETCATALOG_COMPILER_GLOBAL_ACCENT_COLOR_NAME = AccentColor;
				CODE_SIGN_STYLE = Automatic;
				CURRENT_PROJECT_VERSION = 1;
				DEVELOPMENT_TEAM = 924W43ZCZ4;
				GENERATE_INFOPLIST_FILE = YES;
				INFOPLIST_FILE = CryptoTracker/Info.plist;
				INFOPLIST_KEY_UIApplicationSupportsIndirectInputEvents = YES;
				INFOPLIST_KEY_UILaunchStoryboardName = LaunchScreen;
				INFOPLIST_KEY_UIMainStoryboardFile = Main;
				INFOPLIST_KEY_UISupportedInterfaceOrientations_iPad = "UIInterfaceOrientationPortrait UIInterfaceOrientationPortraitUpsideDown UIInterfaceOrientationLandscapeLeft UIInterfaceOrientationLandscapeRight";
				INFOPLIST_KEY_UISupportedInterfaceOrientations_iPhone = "UIInterfaceOrientationPortrait UIInterfaceOrientationLandscapeLeft UIInterfaceOrientationLandscapeRight";
				LD_RUNPATH_SEARCH_PATHS = (
					"$(inherited)",
					"@executable_path/Frameworks",
				);
				MARKETING_VERSION = 1.0;
				PRODUCT_BUNDLE_IDENTIFIER = com.info.CryptoTracker;
				PRODUCT_NAME = "$(TARGET_NAME)";
				SWIFT_EMIT_LOC_STRINGS = YES;
				SWIFT_VERSION = 5.0;
				TARGETED_DEVICE_FAMILY = "1,2";
			};
			name = Release;
		};
		9C9851A72C01D652000269A1 /* Debug */ = {
			isa = XCBuildConfiguration;
			buildSettings = {
				ALWAYS_EMBED_SWIFT_STANDARD_LIBRARIES = YES;
				BUNDLE_LOADER = "$(TEST_HOST)";
				CODE_SIGN_STYLE = Automatic;
				CURRENT_PROJECT_VERSION = 1;
				DEVELOPMENT_TEAM = 924W43ZCZ4;
				GENERATE_INFOPLIST_FILE = YES;
				IPHONEOS_DEPLOYMENT_TARGET = 17.4;
				MARKETING_VERSION = 1.0;
				PRODUCT_BUNDLE_IDENTIFIER = com.info.CryptoTrackerTests;
				PRODUCT_NAME = "$(TARGET_NAME)";
				SWIFT_EMIT_LOC_STRINGS = NO;
				SWIFT_VERSION = 5.0;
				TARGETED_DEVICE_FAMILY = "1,2";
				TEST_HOST = "$(BUILT_PRODUCTS_DIR)/CryptoTracker.app/$(BUNDLE_EXECUTABLE_FOLDER_PATH)/CryptoTracker";
			};
			name = Debug;
		};
		9C9851A82C01D652000269A1 /* Release */ = {
			isa = XCBuildConfiguration;
			buildSettings = {
				ALWAYS_EMBED_SWIFT_STANDARD_LIBRARIES = YES;
				BUNDLE_LOADER = "$(TEST_HOST)";
				CODE_SIGN_STYLE = Automatic;
				CURRENT_PROJECT_VERSION = 1;
				DEVELOPMENT_TEAM = 924W43ZCZ4;
				GENERATE_INFOPLIST_FILE = YES;
				IPHONEOS_DEPLOYMENT_TARGET = 17.4;
				MARKETING_VERSION = 1.0;
				PRODUCT_BUNDLE_IDENTIFIER = com.info.CryptoTrackerTests;
				PRODUCT_NAME = "$(TARGET_NAME)";
				SWIFT_EMIT_LOC_STRINGS = NO;
				SWIFT_VERSION = 5.0;
				TARGETED_DEVICE_FAMILY = "1,2";
				TEST_HOST = "$(BUILT_PRODUCTS_DIR)/CryptoTracker.app/$(BUNDLE_EXECUTABLE_FOLDER_PATH)/CryptoTracker";
			};
			name = Release;
		};
		9C9851AA2C01D652000269A1 /* Debug */ = {
			isa = XCBuildConfiguration;
			buildSettings = {
				ALWAYS_EMBED_SWIFT_STANDARD_LIBRARIES = YES;
				CODE_SIGN_STYLE = Automatic;
				CURRENT_PROJECT_VERSION = 1;
				DEVELOPMENT_TEAM = 924W43ZCZ4;
				GENERATE_INFOPLIST_FILE = YES;
				MARKETING_VERSION = 1.0;
				PRODUCT_BUNDLE_IDENTIFIER = com.info.CryptoTrackerUITests;
				PRODUCT_NAME = "$(TARGET_NAME)";
				SWIFT_EMIT_LOC_STRINGS = NO;
				SWIFT_VERSION = 5.0;
				TARGETED_DEVICE_FAMILY = "1,2";
				TEST_TARGET_NAME = CryptoTracker;
			};
			name = Debug;
		};
		9C9851AB2C01D652000269A1 /* Release */ = {
			isa = XCBuildConfiguration;
			buildSettings = {
				ALWAYS_EMBED_SWIFT_STANDARD_LIBRARIES = YES;
				CODE_SIGN_STYLE = Automatic;
				CURRENT_PROJECT_VERSION = 1;
				DEVELOPMENT_TEAM = 924W43ZCZ4;
				GENERATE_INFOPLIST_FILE = YES;
				MARKETING_VERSION = 1.0;
				PRODUCT_BUNDLE_IDENTIFIER = com.info.CryptoTrackerUITests;
				PRODUCT_NAME = "$(TARGET_NAME)";
				SWIFT_EMIT_LOC_STRINGS = NO;
				SWIFT_VERSION = 5.0;
				TARGETED_DEVICE_FAMILY = "1,2";
				TEST_TARGET_NAME = CryptoTracker;
			};
			name = Release;
		};
/* End XCBuildConfiguration section */

/* Begin XCConfigurationList section */
		9C9851712C01D64F000269A1 /* Build configuration list for PBXProject "CryptoTracker" */ = {
			isa = XCConfigurationList;
			buildConfigurations = (
				9C9851A12C01D652000269A1 /* Debug */,
				9C9851A22C01D652000269A1 /* Release */,
			);
			defaultConfigurationIsVisible = 0;
			defaultConfigurationName = Release;
		};
		9C9851A32C01D652000269A1 /* Build configuration list for PBXNativeTarget "CryptoTracker" */ = {
			isa = XCConfigurationList;
			buildConfigurations = (
				9C9851A42C01D652000269A1 /* Debug */,
				9C9851A52C01D652000269A1 /* Release */,
			);
			defaultConfigurationIsVisible = 0;
			defaultConfigurationName = Release;
		};
		9C9851A62C01D652000269A1 /* Build configuration list for PBXNativeTarget "CryptoTrackerTests" */ = {
			isa = XCConfigurationList;
			buildConfigurations = (
				9C9851A72C01D652000269A1 /* Debug */,
				9C9851A82C01D652000269A1 /* Release */,
			);
			defaultConfigurationIsVisible = 0;
			defaultConfigurationName = Release;
		};
		9C9851A92C01D652000269A1 /* Build configuration list for PBXNativeTarget "CryptoTrackerUITests" */ = {
			isa = XCConfigurationList;
			buildConfigurations = (
				9C9851AA2C01D652000269A1 /* Debug */,
				9C9851AB2C01D652000269A1 /* Release */,
			);
			defaultConfigurationIsVisible = 0;
			defaultConfigurationName = Release;
		};
/* End XCConfigurationList section */

/* Begin XCVersionGroup section */
		9C9851822C01D64F000269A1 /* CryptoTracker.xcdatamodeld */ = {
			isa = XCVersionGroup;
			children = (
				9C9851832C01D64F000269A1 /* CryptoTracker.xcdatamodel */,
			);
			currentVersion = 9C9851832C01D64F000269A1 /* CryptoTracker.xcdatamodel */;
			path = CryptoTracker.xcdatamodeld;
			sourceTree = "<group>";
			versionGroupType = wrapper.xcdatamodel;
		};
/* End XCVersionGroup section */
	};
	rootObject = 9C98516E2C01D64F000269A1 /* Project object */;
}
